
Microsoft Visual Studio Solution File, Format Version 12.00
# Visual Studio Version 17
VisualStudioVersion = 17.11.35312.102
MinimumVisualStudioVersion = 10.0.40219.1
Project("{FAE04EC0-301F-11D3-BF4B-00C04F79EFBC}") = "Guessinggame", "Guessinggame\Guessinggame.csproj", "{9E0638E1-2A24-46B4-AC6B-46FE3F54DA5E}"
EndProject
Global
	GlobalSection(SolutionConfigurationPlatforms) = preSolution
		Debug|Any CPU = Debug|Any CPU
		Release|Any CPU = Release|Any CPU
	EndGlobalSection
	GlobalSection(ProjectConfigurationPlatforms) = postSolution
		{9E0638E1-2A24-46B4-AC6B-46FE3F54DA5E}.Debug|Any CPU.ActiveCfg = Debug|Any CPU
		{9E0638E1-2A24-46B4-AC6B-46FE3F54DA5E}.Debug|Any CPU.Build.0 = Debug|Any CPU
		{9E0638E1-2A24-46B4-AC6B-46FE3F54DA5E}.Release|Any CPU.ActiveCfg = Release|Any CPU
		{9E0638E1-2A24-46B4-AC6B-46FE3F54DA5E}.Release|Any CPU.Build.0 = Release|Any CPU
	EndGlobalSection
	GlobalSection(SolutionProperties) = preSolution
		HideSolutionNode = FALSE
	EndGlobalSection
	GlobalSection(ExtensibilityGlobals) = postSolution
		SolutionGuid = {0D864AFF-8086-4D93-BCC1-82D3C544DAD5}
	EndGlobalSection
EndGlobal
